Microsoft Visual Studio Solution File, Format Version 12.00
# Visual Studio Version 17
VisualStudioVersion = 17.5.2.0
MinimumVisualStudioVersion = 10.0.40219.1
Project("{FAE04EC0-301F-11D3-BF4B-00C04F79EFBC}") = "Hometask", "Hometask.csproj", "{05F9C920-CF9D-F834-49DE-014449638490}"
EndProject
Global
	GlobalSection(SolutionConfigurationPlatforms) = preSolution
		Debug|Any CPU = Debug|Any CPU
		Release|Any CPU = Release|Any CPU
	EndGlobalSection
	GlobalSection(ProjectConfigurationPlatforms) = postSolution
		{05F9C920-CF9D-F834-49DE-014449638490}.Debug|Any CPU.ActiveCfg = Debug|Any CPU
		{05F9C920-CF9D-F834-49DE-014449638490}.Debug|Any CPU.Build.0 = Debug|Any CPU
		{05F9C920-CF9D-F834-49DE-014449638490}.Release|Any CPU.ActiveCfg = Release|Any CPU
		{05F9C920-CF9D-F834-49DE-014449638490}.Release|Any CPU.Build.0 = Release|Any CPU
	EndGlobalSection
	GlobalSection(SolutionProperties) = preSolution
		HideSolutionNode = FALSE
	EndGlobalSection
	GlobalSection(ExtensibilityGlobals) = postSolution
		SolutionGuid = {3FE17C37-1996-4BDD-992A-FD2D06F245BC}
	EndGlobalSection
EndGlobal
